
Microsoft Visual Studio Solution File, Format Version 12.00
# Visual Studio Version 17
VisualStudioVersion = 17.13.35931.197
MinimumVisualStudioVersion = 10.0.40219.1
Project("{FAE04EC0-301F-11D3-BF4B-00C04F79EFBC}") = "Method", "Method\Method.csproj", "{8778B946-2BC2-47D8-BC20-CF4E4CC3FC4E}"
EndProject
Project("{FAE04EC0-301F-11D3-BF4B-00C04F79EFBC}") = "Method2", "Method2\Method2.csproj", "{B6D266CE-B0A5-4DEE-8D08-628F19E80E97}"
EndProject
Project("{FAE04EC0-301F-11D3-BF4B-00C04F79EFBC}") = "method3", "method3\method3.csproj", "{1243C212-CD9D-43A6-8307-2FC7F984F5B3}"
EndProject
Global
	GlobalSection(SolutionConfigurationPlatforms) = preSolution
		Debug|Any CPU = Debug|Any CPU
		Release|Any CPU = Release|Any CPU
	EndGlobalSection
	GlobalSection(ProjectConfigurationPlatforms) = postSolution
		{8778B946-2BC2-47D8-BC20-CF4E4CC3FC4E}.Debug|Any CPU.ActiveCfg = Debug|Any CPU
		{8778B946-2BC2-47D8-BC20-CF4E4CC3FC4E}.Debug|Any CPU.Build.0 = Debug|Any CPU
		{8778B946-2BC2-47D8-BC20-CF4E4CC3FC4E}.Release|Any CPU.ActiveCfg = Release|Any CPU
		{8778B946-2BC2-47D8-BC20-CF4E4CC3FC4E}.Release|Any CPU.Build.0 = Release|Any CPU
		{B6D266CE-B0A5-4DEE-8D08-628F19E80E97}.Debug|Any CPU.ActiveCfg = Debug|Any CPU
		{B6D266CE-B0A5-4DEE-8D08-628F19E80E97}.Debug|Any CPU.Build.0 = Debug|Any CPU
		{B6D266CE-B0A5-4DEE-8D08-628F19E80E97}.Release|Any CPU.ActiveCfg = Release|Any CPU
		{B6D266CE-B0A5-4DEE-8D08-628F19E80E97}.Release|Any CPU.Build.0 = Release|Any CPU
		{1243C212-CD9D-43A6-8307-2FC7F984F5B3}.Debug|Any CPU.ActiveCfg = Debug|Any CPU
		{1243C212-CD9D-43A6-8307-2FC7F984F5B3}.Debug|Any CPU.Build.0 = Debug|Any CPU
		{1243C212-CD9D-43A6-8307-2FC7F984F5B3}.Release|Any CPU.ActiveCfg = Release|Any CPU
		{1243C212-CD9D-43A6-8307-2FC7F984F5B3}.Release|Any CPU.Build.0 = Release|Any CPU
	EndGlobalSection
	GlobalSection(SolutionProperties) = preSolution
		HideSolutionNode = FALSE
	EndGlobalSection
	GlobalSection(ExtensibilityGlobals) = postSolution
		SolutionGuid = {DAF58E53-7546-4475-93B6-303E22ABC8B8}
	EndGlobalSection
EndGlobal
